PODS:
  - ImpressiveNotifications (0.5.0)
  - lottie-ios (3.1.8)
  - SegementSlide (2.2.4)

DEPENDENCIES:
  - ImpressiveNotifications
  - lottie-ios
  - SegementSlide

SPEC REPOS:
  trunk:
    - ImpressiveNotifications
    - lottie-ios
    - SegementSlide

SPEC CHECKSUMS:
  ImpressiveNotifications: 9a3921276e916e244abb7e4b2a6661133479a17c
  lottie-ios: 48fac6be217c76937e36e340e2d09cf7b10b7f5f
  SegementSlide: 934778f53ad95d93bc0471a6d1c6def9eb9490a7

PODFILE CHECKSUM: 94391e3ddb39bf1ef204052cf65889e364b4dcd7

COCOAPODS: 1.9.1
